<?xml version="1.0" encoding="utf-8"?>
<Project ToolsVersion="4.0" xmlns="http://schemas.microsoft.com/developer/msbuild/2003">
  <ItemGroup>
    <Filter Include="Source Files">
      <UniqueIdentifier>{4FC737F1-C7A5-4376-A066-2A32D752A2FF}</UniqueIdentifier>
      <Extensions>cpp;c;cc;cxx;def;odl;idl;hpj;bat;asm;asmx</Extensions>
    </Filter>
    <Filter Include="Header Files">
      <UniqueIdentifier>{93995380-89BD-4b04-88EB-625FBE52EBFB}</UniqueIdentifier>
      <Extensions>h;hh;hpp;hxx;hm;inl;inc;xsd</Extensions>
    </Filter>
    <Filter Include="Resource Files">
      <UniqueIdentifier>{67DA6AB6-F800-4c08-8B7A-83BB121AAD01}</UniqueIdentifier>
      <Extensions>rc;ico;cur;bmp;dlg;rc2;rct;bin;rgs;gif;jpg;jpeg;jpe;resx;tiff;tif;png;wav;mfcribbon-ms</Extensions>
    </Filter>
    <Filter Include="Resource Files\shaders">
      <UniqueIdentifier>{910ba17a-7230-40a9-8990-decd9d197aa8}</UniqueIdentifier>
    </Filter>
    <Filter Include="Resource Files\assets">
      <UniqueIdentifier>{3e764b61-6b20-4a9b-9706-b335623364a2}</UniqueIdentifier>
    </Filter>
  </ItemGroup>
  <ItemGroup>
    <ClCompile Include="main.cpp">
      <Filter>Source Files</Filter>
    </ClCompile>
    <ClCompile Include="engine.cpp">
      <Filter>Source Files</Filter>
    </ClCompile>
    <ClCompile Include="renderer.cpp">
      <Filter>Source Files</Filter>
    </ClCompile>
    <ClCompile Include="mesh.cpp">
      <Filter>Source Files</Filter>
    </ClCompile>
    <ClCompile Include="shader.cpp">
      <Filter>Source Files</Filter>
    </ClCompile>
    <ClCompile Include="logger.cpp">
      <Filter>Source Files</Filter>
    </ClCompile>
    <ClCompile Include="debug.cpp">
      <Filter>Source Files</Filter>
    </ClCompile>
    <ClCompile Include="lodepng.cpp">
      <Filter>Source Files</Filter>
    </ClCompile>
    <ClCompile Include="texture.cpp">
      <Filter>Source Files</Filter>
    </ClCompile>
    <ClCompile Include="assets.cpp">
      <Filter>Source Files</Filter>
    </ClCompile>
    <ClCompile Include="simplexnoise1234.cpp">
      <Filter>Source Files</Filter>
    </ClCompile>
  </ItemGroup>
  <ItemGroup>
    <ClInclude Include="logger.hpp">
      <Filter>Header Files</Filter>
    </ClInclude>
    <ClInclude Include="engine.hpp">
      <Filter>Header Files</Filter>
    </ClInclude>
    <ClInclude Include="renderer.hpp">
      <Filter>Header Files</Filter>
    </ClInclude>
    <ClInclude Include="mesh.hpp">
      <Filter>Header Files</Filter>
    </ClInclude>
    <ClInclude Include="material.hpp">
      <Filter>Header Files</Filter>
    </ClInclude>
    <ClInclude Include="shader.hpp">
      <Filter>Header Files</Filter>
    </ClInclude>
    <ClInclude Include="debug.hpp">
      <Filter>Header Files</Filter>
    </ClInclude>
    <ClInclude Include="texture.hpp">
      <Filter>Header Files</Filter>
    </ClInclude>
    <ClInclude Include="lodepng.h">
      <Filter>Header Files</Filter>
    </ClInclude>
    <ClInclude Include="assets.hpp">
      <Filter>Header Files</Filter>
    </ClInclude>
    <ClInclude Include="simplexnoise1234.h">
      <Filter>Header Files</Filter>
    </ClInclude>
    <ClInclude Include="camera.hpp">
      <Filter>Header Files</Filter>
    </ClInclude>
    <ClInclude Include="voxeloctree.hpp">
      <Filter>Header Files</Filter>
    </ClInclude>
  </ItemGroup>
  <ItemGroup>
    <Text Include="brainstorming.txt">
      <Filter>Resource Files</Filter>
    </Text>
    <Text Include="..\Debug\assets\cone.obj">
      <Filter>Resource Files\assets</Filter>
    </Text>
  </ItemGroup>
  <ItemGroup>
    <None Include="..\Debug\assets\shaders\depth_frag.glsl">
      <Filter>Resource Files\shaders</Filter>
    </None>
    <None Include="..\Debug\assets\shaders\depth_vert.glsl">
      <Filter>Resource Files\shaders</Filter>
    </None>
    <None Include="..\Debug\assets\cone.mtl">
      <Filter>Resource Files\assets</Filter>
    </None>
    <None Include="..\Debug\assets\shaders\geometry_frag.glsl">
      <Filter>Resource Files\shaders</Filter>
    </None>
    <None Include="..\Debug\assets\shaders\geometry_geom.glsl">
      <Filter>Resource Files\shaders</Filter>
    </None>
    <None Include="..\Debug\assets\shaders\geometry_vert.glsl">
      <Filter>Resource Files\shaders</Filter>
    </None>
    <None Include="..\Debug\assets\shaders\shading_frag.glsl">
      <Filter>Resource Files\shaders</Filter>
    </None>
    <None Include="..\Debug\assets\shaders\shading_vert.glsl">
      <Filter>Resource Files\shaders</Filter>
    </None>
    <None Include="..\Debug\assets\shaders\postprocess_vert.glsl">
      <Filter>Resource Files\shaders</Filter>
    </None>
    <None Include="..\Debug\assets\shaders\postprocess_frag.glsl">
      <Filter>Resource Files\shaders</Filter>
    </None>
  </ItemGroup>
  <ItemGroup>
    <Image Include="..\Debug\assets\4096_earth.png">
      <Filter>Resource Files\assets</Filter>
    </Image>
    <Image Include="..\Debug\assets\4096_normal.png">
      <Filter>Resource Files\assets</Filter>
    </Image>
    <Image Include="..\Debug\assets\diffuse.png">
      <Filter>Resource Files\assets</Filter>
    </Image>
    <Image Include="..\Debug\assets\ground.png">
      <Filter>Resource Files\assets</Filter>
    </Image>
    <Image Include="..\Debug\assets\ground_normal.png">
      <Filter>Resource Files\assets</Filter>
    </Image>
    <Image Include="..\Debug\assets\normal.png">
      <Filter>Resource Files\assets</Filter>
    </Image>
    <Image Include="..\Debug\assets\specular.png">
      <Filter>Resource Files\assets</Filter>
    </Image>
    <Image Include="..\Debug\assets\wall.png">
      <Filter>Resource Files\assets</Filter>
    </Image>
    <Image Include="..\Debug\assets\wall_normal.png">
      <Filter>Resource Files\assets</Filter>
    </Image>
  </ItemGroup>
</Project>